
Microsoft Visual Studio Solution File, Format Version 12.00
# Visual Studio Version 16
VisualStudioVersion = 16.0.30114.105
MinimumVisualStudioVersion = 10.0.40219.1
Project("{2150E333-8FDC-42A3-9474-1A3956D46DE8}") = "src", "src", "{2F270B50-45A2-4B97-B0D3-520B9F8DEB73}"
EndProject
Project("{FAE04EC0-301F-11D3-BF4B-00C04F79EFBC}") = "Kafka.Consumer.ConsoleApp", "src\Kafka.Consumer.ConsoleApp\Kafka.Consumer.ConsoleApp.csproj", "{D3729C6B-4291-4DC3-A05D-58CF3FB4F005}"
EndProject
Project("{FAE04EC0-301F-11D3-BF4B-00C04F79EFBC}") = "Kafka.Producer.ConsoleApp", "src\Kafka.Producer.ConsoleApp\Kafka.Producer.ConsoleApp.csproj", "{784475F0-A9A9-439D-9607-36C636D626A8}"
EndProject
Project("{FAE04EC0-301F-11D3-BF4B-00C04F79EFBC}") = "Kafka.Consumer.WebApi", "src\Kafka.Consumer.WebApi\Kafka.Consumer.WebApi.csproj", "{D4759B42-9C21-4E5E-918D-28F650ABBB70}"
EndProject
Global
	GlobalSection(SolutionConfigurationPlatforms) = preSolution
		Debug|Any CPU = Debug|Any CPU
		Release|Any CPU = Release|Any CPU
	EndGlobalSection
	GlobalSection(SolutionProperties) = preSolution
		HideSolutionNode = FALSE
	EndGlobalSection
	GlobalSection(ProjectConfigurationPlatforms) = postSolution
		{D3729C6B-4291-4DC3-A05D-58CF3FB4F005}.Debug|Any CPU.ActiveCfg = Debug|Any CPU
		{D3729C6B-4291-4DC3-A05D-58CF3FB4F005}.Debug|Any CPU.Build.0 = Debug|Any CPU
		{D3729C6B-4291-4DC3-A05D-58CF3FB4F005}.Release|Any CPU.ActiveCfg = Release|Any CPU
		{D3729C6B-4291-4DC3-A05D-58CF3FB4F005}.Release|Any CPU.Build.0 = Release|Any CPU
		{784475F0-A9A9-439D-9607-36C636D626A8}.Debug|Any CPU.ActiveCfg = Debug|Any CPU
		{784475F0-A9A9-439D-9607-36C636D626A8}.Debug|Any CPU.Build.0 = Debug|Any CPU
		{784475F0-A9A9-439D-9607-36C636D626A8}.Release|Any CPU.ActiveCfg = Release|Any CPU
		{784475F0-A9A9-439D-9607-36C636D626A8}.Release|Any CPU.Build.0 = Release|Any CPU
		{D4759B42-9C21-4E5E-918D-28F650ABBB70}.Debug|Any CPU.ActiveCfg = Debug|Any CPU
		{D4759B42-9C21-4E5E-918D-28F650ABBB70}.Debug|Any CPU.Build.0 = Debug|Any CPU
		{D4759B42-9C21-4E5E-918D-28F650ABBB70}.Release|Any CPU.ActiveCfg = Release|Any CPU
		{D4759B42-9C21-4E5E-918D-28F650ABBB70}.Release|Any CPU.Build.0 = Release|Any CPU
	EndGlobalSection
	GlobalSection(NestedProjects) = preSolution
		{D3729C6B-4291-4DC3-A05D-58CF3FB4F005} = {2F270B50-45A2-4B97-B0D3-520B9F8DEB73}
		{784475F0-A9A9-439D-9607-36C636D626A8} = {2F270B50-45A2-4B97-B0D3-520B9F8DEB73}
		{D4759B42-9C21-4E5E-918D-28F650ABBB70} = {2F270B50-45A2-4B97-B0D3-520B9F8DEB73}
	EndGlobalSection
EndGlobal
